// !$*UTF8*$!
{
	archiveVersion = 1;
	classes = {
	};
	objectVersion = 46;
	objects = {

/* Begin PBXBuildFile section */
		AA1B5B0D1C769CA000EDEE4A /* main.m in Sources */ = {isa = PBXBuildFile; fileRef = AA1B5B0C1C769CA000EDEE4A /* main.m */; };
		AA1B5B101C769CA000EDEE4A /* AppDelegate.m in Sources */ = {isa = PBXBuildFile; fileRef = AA1B5B0F1C769CA000EDEE4A /* AppDelegate.m */; };
		AA1B5B131C769CA000EDEE4A /* ViewController.m in Sources */ = {isa = PBXBuildFile; fileRef = AA1B5B121C769CA000EDEE4A /* ViewController.m */; };
		AA1B5B161C769CA000EDEE4A /* Main.storyboard in Resources */ = {isa = PBXBuildFile; fileRef = AA1B5B141C769CA000EDEE4A /* Main.storyboard */; };
		AA1B5B181C769CA000EDEE4A /* Assets.xcassets in Resources */ = {isa = PBXBuildFile; fileRef = AA1B5B171C769CA000EDEE4A /* Assets.xcassets */; };
		AA1B5B1B1C769CA000EDEE4A /* LaunchScreen.storyboard in Resources */ = {isa = PBXBuildFile; fileRef = AA1B5B191C769CA000EDEE4A /* LaunchScreen.storyboard */; };
		AA3E2A771C7991C000FA3006 /* SudokuFootView.m in Sources */ = {isa = PBXBuildFile; fileRef = AA3E2A761C7991C000FA3006 /* SudokuFootView.m */; };
		AA3E2A831C7D7C4C00FA3006 /* GradientView.m in Sources */ = {isa = PBXBuildFile; fileRef = AA3E2A821C7D7C4C00FA3006 /* GradientView.m */; };
		AA5200CB1C80127600882238 /* UIUtils.m in Sources */ = {isa = PBXBuildFile; fileRef = AA5200CA1C80127600882238 /* UIUtils.m */; };
		AADC00DE1C79569900319522 /* Algorithm.mm in Sources */ = {isa = PBXBuildFile; fileRef = AADC00DB1C79569900319522 /* Algorithm.mm */; };
		AADC00DF1C79569900319522 /* Presenter.mm in Sources */ = {isa = PBXBuildFile; fileRef = AADC00DD1C79569900319522 /* Presenter.mm */; };
		AADC00E31C795BA100319522 /* CenterFlowLayout.m in Sources */ = {isa = PBXBuildFile; fileRef = AADC00E21C795BA100319522 /* CenterFlowLayout.m */; };
		AADC00E61C795F6800319522 /* NumberCollectionViewCell.m in Sources */ = {isa = PBXBuildFile; fileRef = AADC00E51C795F6800319522 /* NumberCollectionViewCell.m */; };
		AADC00E91C795F8D00319522 /* ColorCollectionViewCell.m in Sources */ = {isa = PBXBuildFile; fileRef = AADC00E81C795F8D00319522 /* ColorCollectionViewCell.m */; };
		AADC00F31C7E140700319522 /* SudokuContentView.m in Sources */ = {isa = PBXBuildFile; fileRef = AADC00F21C7E140700319522 /* SudokuContentView.m */; };
		AAFE9EE91C7F3E8B00850001 /* SudokuCubeView.m in Sources */ = {isa = PBXBuildFile; fileRef = AAFE9EE81C7F3E8B00850001 /* SudokuCubeView.m */; };
/* End PBXBuildFile section */

/* Begin PBXFileReference section */
		AA1B5B081C769CA000EDEE4A /* sudoku_apptech.app */ = {isa = PBXFileReference; explicitFileType = wrapper.application; includeInIndex = 0; path = sudoku_apptech.app; sourceTree = BUILT_PRODUCTS_DIR; };
		AA1B5B0C1C769CA000EDEE4A /* main.m */ = {isa = PBXFileReference; lastKnownFileType = sourcecode.c.objc; path = main.m; sourceTree = "<group>"; };
		AA1B5B0E1C769CA000EDEE4A /* AppDelegate.h */ = {isa = PBXFileReference; lastKnownFileType = sourcecode.c.h; path = AppDelegate.h; sourceTree = "<group>"; };
		AA1B5B0F1C769CA000EDEE4A /* AppDelegate.m */ = {isa = PBXFileReference; lastKnownFileType = sourcecode.c.objc; path = AppDelegate.m; sourceTree = "<group>"; };
		AA1B5B111C769CA000EDEE4A /* ViewController.h */ = {isa = PBXFileReference; lastKnownFileType = sourcecode.c.h; path = ViewController.h; sourceTree = "<group>"; };
		AA1B5B121C769CA000EDEE4A /* ViewController.m */ = {isa = PBXFileReference; lastKnownFileType = sourcecode.c.objc; path = ViewController.m; sourceTree = "<group>"; };
		AA1B5B151C769CA000EDEE4A /* Base */ = {isa = PBXFileReference; lastKnownFileType = file.storyboard; name = Base; path = Base.lproj/Main.storyboard; sourceTree = "<group>"; };
		AA1B5B171C769CA000EDEE4A /* Assets.xcassets */ = {isa = PBXFileReference; lastKnownFileType = folder.assetcatalog; path = Assets.xcassets; sourceTree = "<group>"; };
		AA1B5B1A1C769CA000EDEE4A /* Base */ = {isa = PBXFileReference; lastKnownFileType = file.storyboard; name = Base; path = Base.lproj/LaunchScreen.storyboard; sourceTree = "<group>"; };
		AA1B5B1C1C769CA000EDEE4A /* Info.plist */ = {isa = PBXFileReference; lastKnownFileType = text.plist.xml; path = Info.plist; sourceTree = "<group>"; };
		AA3E2A751C7991C000FA3006 /* SudokuFootView.h */ = {isa = PBXFileReference; fileEncoding = 4; lastKnownFileType = sourcecode.c.h; path = SudokuFootView.h; sourceTree = "<group>"; };
		AA3E2A761C7991C000FA3006 /* SudokuFootView.m */ = {isa = PBXFileReference; fileEncoding = 4; lastKnownFileType = sourcecode.c.objc; path = SudokuFootView.m; sourceTree = "<group>"; };
		AA3E2A811C7D7C4C00FA3006 /* GradientView.h */ = {isa = PBXFileReference; fileEncoding = 4; lastKnownFileType = sourcecode.c.h; path = GradientView.h; sourceTree = "<group>"; };
		AA3E2A821C7D7C4C00FA3006 /* GradientView.m */ = {isa = PBXFileReference; fileEncoding = 4; lastKnownFileType = sourcecode.c.objc; path = GradientView.m; sourceTree = "<group>"; };
		AA5200C91C80127600882238 /* UIUtils.h */ = {isa = PBXFileReference; fileEncoding = 4; lastKnownFileType = sourcecode.c.h; path = UIUtils.h; sourceTree = "<group>"; };
		AA5200CA1C80127600882238 /* UIUtils.m */ = {isa = PBXFileReference; fileEncoding = 4; lastKnownFileType = sourcecode.c.objc; path = UIUtils.m; sourceTree = "<group>"; };
		AADC00DA1C79569900319522 /* Algorithm.h */ = {isa = PBXFileReference; fileEncoding = 4; lastKnownFileType = sourcecode.c.h; path = Algorithm.h; sourceTree = "<group>"; };
		AADC00DB1C79569900319522 /* Algorithm.mm */ = {isa = PBXFileReference; fileEncoding = 4; lastKnownFileType = sourcecode.cpp.objcpp; path = Algorithm.mm; sourceTree = "<group>"; };
		AADC00DC1C79569900319522 /* Presenter.h */ = {isa = PBXFileReference; fileEncoding = 4; lastKnownFileType = sourcecode.c.h; path = Presenter.h; sourceTree = "<group>"; };
		AADC00DD1C79569900319522 /* Presenter.mm */ = {isa = PBXFileReference; fileEncoding = 4; lastKnownFileType = sourcecode.cpp.objcpp; path = Presenter.mm; sourceTree = "<group>"; };
		AADC00E01C7957B100319522 /* sudoku_apptech.pch */ = {isa = PBXFileReference; fileEncoding = 4; lastKnownFileType = sourcecode.c.h; path = sudoku_apptech.pch; sourceTree = "<group>"; };
		AADC00E11C795BA100319522 /* CenterFlowLayout.h */ = {isa = PBXFileReference; fileEncoding = 4; lastKnownFileType = sourcecode.c.h; path = CenterFlowLayout.h; sourceTree = "<group>"; };
		AADC00E21C795BA100319522 /* CenterFlowLayout.m */ = {isa = PBXFileReference; fileEncoding = 4; lastKnownFileType = sourcecode.c.objc; path = CenterFlowLayout.m; sourceTree = "<group>"; };
		AADC00E41C795F6800319522 /* NumberCollectionViewCell.h */ = {isa = PBXFileReference; fileEncoding = 4; lastKnownFileType = sourcecode.c.h; path = NumberCollectionViewCell.h; sourceTree = "<group>"; };
		AADC00E51C795F6800319522 /* NumberCollectionViewCell.m */ = {isa = PBXFileReference; fileEncoding = 4; lastKnownFileType = sourcecode.c.objc; path = NumberCollectionViewCell.m; sourceTree = "<group>"; };
		AADC00E71C795F8D00319522 /* ColorCollectionViewCell.h */ = {isa = PBXFileReference; fileEncoding = 4; lastKnownFileType = sourcecode.c.h; path = ColorCollectionViewCell.h; sourceTree = "<group>"; };
		AADC00E81C795F8D00319522 /* ColorCollectionViewCell.m */ = {isa = PBXFileReference; fileEncoding = 4; lastKnownFileType = sourcecode.c.objc; path = ColorCollectionViewCell.m; sourceTree = "<group>"; };
		AADC00F11C7E140700319522 /* SudokuContentView.h */ = {isa = PBXFileReference; fileEncoding = 4; lastKnownFileType = sourcecode.c.h; path = SudokuContentView.h; sourceTree = "<group>"; };
		AADC00F21C7E140700319522 /* SudokuContentView.m */ = {isa = PBXFileReference; fileEncoding = 4; lastKnownFileType = sourcecode.c.objc; path = SudokuContentView.m; sourceTree = "<group>"; };
		AAFE9EE71C7F3E8B00850001 /* SudokuCubeView.h */ = {isa = PBXFileReference; fileEncoding = 4; lastKnownFileType = sourcecode.c.h; path = SudokuCubeView.h; sourceTree = "<group>"; };
		AAFE9EE81C7F3E8B00850001 /* SudokuCubeView.m */ = {isa = PBXFileReference; fileEncoding = 4; lastKnownFileType = sourcecode.c.objc; path = SudokuCubeView.m; sourceTree = "<group>"; };
/* End PBXFileReference section */

/* Begin PBXFrameworksBuildPhase section */
		AA1B5B051C769CA000EDEE4A /* Frameworks */ = {
			isa = PBXFrameworksBuildPhase;
			buildActionMask = 2147483647;
			files = (
			);
			runOnlyForDeploymentPostprocessing = 0;
		};
/* End PBXFrameworksBuildPhase section */

/* Begin PBXGroup section */
		AA1B5AFF1C769CA000EDEE4A = {
			isa = PBXGroup;
			children = (
				AA1B5B0A1C769CA000EDEE4A /* sudoku_apptech */,
				AA1B5B091C769CA000EDEE4A /* Products */,
			);
			sourceTree = "<group>";
		};
		AA1B5B091C769CA000EDEE4A /* Products */ = {
			isa = PBXGroup;
			children = (
				AA1B5B081C769CA000EDEE4A /* sudoku_apptech.app */,
			);
			name = Products;
			sourceTree = "<group>";
		};
		AA1B5B0A1C769CA000EDEE4A /* sudoku_apptech */ = {
			isa = PBXGroup;
			children = (
				AADC00DA1C79569900319522 /* Algorithm.h */,
				AADC00DB1C79569900319522 /* Algorithm.mm */,
				AA3E2A811C7D7C4C00FA3006 /* GradientView.h */,
				AA3E2A821C7D7C4C00FA3006 /* GradientView.m */,
				AADC00DC1C79569900319522 /* Presenter.h */,
				AADC00DD1C79569900319522 /* Presenter.mm */,
				AADC00E41C795F6800319522 /* NumberCollectionViewCell.h */,
				AADC00E51C795F6800319522 /* NumberCollectionViewCell.m */,
				AADC00E71C795F8D00319522 /* ColorCollectionViewCell.h */,
				AADC00E81C795F8D00319522 /* ColorCollectionViewCell.m */,
				AAFE9EE71C7F3E8B00850001 /* SudokuCubeView.h */,
				AAFE9EE81C7F3E8B00850001 /* SudokuCubeView.m */,
				AADC00F11C7E140700319522 /* SudokuContentView.h */,
				AADC00F21C7E140700319522 /* SudokuContentView.m */,
				AA3E2A751C7991C000FA3006 /* SudokuFootView.h */,
				AA3E2A761C7991C000FA3006 /* SudokuFootView.m */,
				AADC00E11C795BA100319522 /* CenterFlowLayout.h */,
				AADC00E21C795BA100319522 /* CenterFlowLayout.m */,
				AA5200C91C80127600882238 /* UIUtils.h */,
				AA5200CA1C80127600882238 /* UIUtils.m */,
				AA1B5B141C769CA000EDEE4A /* Main.storyboard */,
				AA1B5B171C769CA000EDEE4A /* Assets.xcassets */,
				AA1B5B191C769CA000EDEE4A /* LaunchScreen.storyboard */,
				AA1B5B1C1C769CA000EDEE4A /* Info.plist */,
				AA1B5B0B1C769CA000EDEE4A /* Supporting Files */,
			);
			path = sudoku_apptech;
			sourceTree = "<group>";
		};
		AA1B5B0B1C769CA000EDEE4A /* Supporting Files */ = {
			isa = PBXGroup;
			children = (
				AA1B5B0E1C769CA000EDEE4A /* AppDelegate.h */,
				AA1B5B0F1C769CA000EDEE4A /* AppDelegate.m */,
				AA1B5B111C769CA000EDEE4A /* ViewController.h */,
				AA1B5B121C769CA000EDEE4A /* ViewController.m */,
				AA1B5B0C1C769CA000EDEE4A /* main.m */,
				AADC00E01C7957B100319522 /* sudoku_apptech.pch */,
			);
			name = "Supporting Files";
			sourceTree = "<group>";
		};
/* End PBXGroup section */

/* Begin PBXNativeTarget section */
		AA1B5B071C769CA000EDEE4A /* sudoku_apptech */ = {
			isa = PBXNativeTarget;
			buildConfigurationList = AA1B5B1F1C769CA000EDEE4A /* Build configuration list for PBXNativeTarget "sudoku_apptech" */;
			buildPhases = (
				AA1B5B041C769CA000EDEE4A /* Sources */,
				AA1B5B051C769CA000EDEE4A /* Frameworks */,
				AA1B5B061C769CA000EDEE4A /* Resources */,
			);
			buildRules = (
			);
			dependencies = (
			);
			name = sudoku_apptech;
			productName = sudoku_apptech;
			productReference = AA1B5B081C769CA000EDEE4A /* sudoku_apptech.app */;
			productType = "com.apple.product-type.application";
		};
/* End PBXNativeTarget section */

/* Begin PBXProject section */
		AA1B5B001C769CA000EDEE4A /* Project object */ = {
			isa = PBXProject;
			attributes = {
				LastUpgradeCheck = 0720;
				ORGANIZATIONNAME = "Peng Wang";
				TargetAttributes = {
					AA1B5B071C769CA000EDEE4A = {
						CreatedOnToolsVersion = 7.2.1;
					};
				};
			};
			buildConfigurationList = AA1B5B031C769CA000EDEE4A /* Build configuration list for PBXProject "sudoku_apptech" */;
			compatibilityVersion = "Xcode 3.2";
			developmentRegion = English;
			hasScannedForEncodings = 0;
			knownRegions = (
				en,
				Base,
			);
			mainGroup = AA1B5AFF1C769CA000EDEE4A;
			productRefGroup = AA1B5B091C769CA000EDEE4A /* Products */;
			projectDirPath = "";
			projectRoot = "";
			targets = (
				AA1B5B071C769CA000EDEE4A /* sudoku_apptech */,
			);
		};
/* End PBXProject section */

/* Begin PBXResourcesBuildPhase section */
		AA1B5B061C769CA000EDEE4A /* Resources */ = {
			isa = PBXResourcesBuildPhase;
			buildActionMask = 2147483647;
			files = (
				AA1B5B1B1C769CA000EDEE4A /* LaunchScreen.storyboard in Resources */,
				AA1B5B181C769CA000EDEE4A /* Assets.xcassets in Resources */,
				AA1B5B161C769CA000EDEE4A /* Main.storyboard in Resources */,
			);
			runOnlyForDeploymentPostprocessing = 0;
		};
/* End PBXResourcesBuildPhase section */

/* Begin PBXSourcesBuildPhase section */
		AA1B5B041C769CA000EDEE4A /* Sources */ = {
			isa = PBXSourcesBuildPhase;
			buildActionMask = 2147483647;
			files = (
				AA1B5B131C769CA000EDEE4A /* ViewController.m in Sources */,
				AA1B5B101C769CA000EDEE4A /* AppDelegate.m in Sources */,
				AA3E2A831C7D7C4C00FA3006 /* GradientView.m in Sources */,
				AA3E2A771C7991C000FA3006 /* SudokuFootView.m in Sources */,
				AAFE9EE91C7F3E8B00850001 /* SudokuCubeView.m in Sources */,
				AADC00F31C7E140700319522 /* SudokuContentView.m in Sources */,
				AADC00E91C795F8D00319522 /* ColorCollectionViewCell.m in Sources */,
				AADC00E31C795BA100319522 /* CenterFlowLayout.m in Sources */,
				AA1B5B0D1C769CA000EDEE4A /* main.m in Sources */,
				AADC00E61C795F6800319522 /* NumberCollectionViewCell.m in Sources */,
				AA5200CB1C80127600882238 /* UIUtils.m in Sources */,
				AADC00DE1C79569900319522 /* Algorithm.mm in Sources */,
				AADC00DF1C79569900319522 /* Presenter.mm in Sources */,
			);
			runOnlyForDeploymentPostprocessing = 0;
		};
/* End PBXSourcesBuildPhase section */

/* Begin PBXVariantGroup section */
		AA1B5B141C769CA000EDEE4A /* Main.storyboard */ = {
			isa = PBXVariantGroup;
			children = (
				AA1B5B151C769CA000EDEE4A /* Base */,
			);
			name = Main.storyboard;
			sourceTree = "<group>";
		};
		AA1B5B191C769CA000EDEE4A /* LaunchScreen.storyboard */ = {
			isa = PBXVariantGroup;
			children = (
				AA1B5B1A1C769CA000EDEE4A /* Base */,
			);
			name = LaunchScreen.storyboard;
			sourceTree = "<group>";
		};
/* End PBXVariantGroup section */

/* Begin XCBuildConfiguration section */
		AA1B5B1D1C769CA000EDEE4A /* Debug */ = {
			isa = XCBuildConfiguration;
			buildSettings = {
				ALWAYS_SEARCH_USER_PATHS = NO;
				CLANG_CXX_LANGUAGE_STANDARD = "gnu++0x";
				CLANG_CXX_LIBRARY = "libc++";
				CLANG_ENABLE_MODULES = YES;
				CLANG_ENABLE_OBJC_ARC = YES;
				CLANG_WARN_BOOL_CONVERSION = YES;
				CLANG_WARN_CONSTANT_CONVERSION = YES;
				CLANG_WARN_DIRECT_OBJC_ISA_USAGE = YES_ERROR;
				CLANG_WARN_EMPTY_BODY = YES;
				CLANG_WARN_ENUM_CONVERSION = YES;
				CLANG_WARN_INT_CONVERSION = YES;
				CLANG_WARN_OBJC_ROOT_CLASS = YES_ERROR;
				CLANG_WARN_UNREACHABLE_CODE = YES;
				CLANG_WARN__DUPLICATE_METHOD_MATCH = YES;
				"CODE_SIGN_IDENTITY[sdk=iphoneos*]" = "iPhone Developer";
				COPY_PHASE_STRIP = NO;
				DEBUG_INFORMATION_FORMAT = dwarf;
				ENABLE_STRICT_OBJC_MSGSEND = YES;
				ENABLE_TESTABILITY = YES;
				GCC_C_LANGUAGE_STANDARD = gnu99;
				GCC_DYNAMIC_NO_PIC = NO;
				GCC_NO_COMMON_BLOCKS = YES;
				GCC_OPTIMIZATION_LEVEL = 0;
				GCC_PREPROCESSOR_DEFINITIONS = (
					"DEBUG=1",
					"$(inherited)",
				);
				GCC_WARN_64_TO_32_BIT_CONVERSION = YES;
				GCC_WARN_ABOUT_RETURN_TYPE = YES_ERROR;
				GCC_WARN_UNDECLARED_SELECTOR = YES;
				GCC_WARN_UNINITIALIZED_AUTOS = YES_AGGRESSIVE;
				GCC_WARN_UNUSED_FUNCTION = YES;
				GCC_WARN_UNUSED_VARIABLE = YES;
				IPHONEOS_DEPLOYMENT_TARGET = 7.0;
				MTL_ENABLE_DEBUG_INFO = YES;
				ONLY_ACTIVE_ARCH = YES;
				SDKROOT = iphoneos;
				TARGETED_DEVICE_FAMILY = "1,2";
			};
			name = Debug;
		};
		AA1B5B1E1C769CA000EDEE4A /* Release */ = {
			isa = XCBuildConfiguration;
			buildSettings = {
				ALWAYS_SEARCH_USER_PATHS = NO;
				CLANG_CXX_LANGUAGE_STANDARD = "gnu++0x";
				CLANG_CXX_LIBRARY = "libc++";
				CLANG_ENABLE_MODULES = YES;
				CLANG_ENABLE_OBJC_ARC = YES;
				CLANG_WARN_BOOL_CONVERSION = YES;
				CLANG_WARN_CONSTANT_CONVERSION = YES;
				CLANG_WARN_DIRECT_OBJC_ISA_USAGE = YES_ERROR;
				CLANG_WARN_EMPTY_BODY = YES;
				CLANG_WARN_ENUM_CONVERSION = YES;
				CLANG_WARN_INT_CONVERSION = YES;
				CLANG_WARN_OBJC_ROOT_CLASS = YES_ERROR;
				CLANG_WARN_UNREACHABLE_CODE = YES;
				CLANG_WARN__DUPLICATE_METHOD_MATCH = YES;
				"CODE_SIGN_IDENTITY[sdk=iphoneos*]" = "iPhone Developer";
				COPY_PHASE_STRIP = NO;
				DEBUG_INFORMATION_FORMAT = "dwarf-with-dsym";
				ENABLE_NS_ASSERTIONS = NO;
				ENABLE_STRICT_OBJC_MSGSEND = YES;
				GCC_C_LANGUAGE_STANDARD = gnu99;
				GCC_NO_COMMON_BLOCKS = YES;
				GCC_WARN_64_TO_32_BIT_CONVERSION = YES;
				GCC_WARN_ABOUT_RETURN_TYPE = YES_ERROR;
				GCC_WARN_UNDECLARED_SELECTOR = YES;
				GCC_WARN_UNINITIALIZED_AUTOS = YES_AGGRESSIVE;
				GCC_WARN_UNUSED_FUNCTION = YES;
				GCC_WARN_UNUSED_VARIABLE = YES;
				IPHONEOS_DEPLOYMENT_TARGET = 7.0;
				MTL_ENABLE_DEBUG_INFO = NO;
				SDKROOT = iphoneos;
				TARGETED_DEVICE_FAMILY = "1,2";
				VALIDATE_PRODUCT = YES;
			};
			name = Release;
		};
		AA1B5B201C769CA000EDEE4A /* Debug */ = {
			isa = XCBuildConfiguration;
			buildSettings = {
				ASSETCATALOG_COMPILER_APPICON_NAME = AppIcon;
				ASSETCATALOG_COMPILER_LAUNCHIMAGE_NAME = "Brand Assets";
				GCC_PREFIX_HEADER = sudoku_apptech/sudoku_apptech.pch;
				INFOPLIST_FILE = sudoku_apptech/Info.plist;
				LD_RUNPATH_SEARCH_PATHS = "$(inherited) @executable_path/Frameworks";
				PRODUCT_BUNDLE_IDENTIFIER = "com.hspjsoft.sudoku-apptech";
				PRODUCT_NAME = "$(TARGET_NAME)";
			};
			name = Debug;
		};
		AA1B5B211C769CA000EDEE4A /* Release */ = {
			isa = XCBuildConfiguration;
			buildSettings = {
				ASSETCATALOG_COMPILER_APPICON_NAME = AppIcon;
				ASSETCATALOG_COMPILER_LAUNCHIMAGE_NAME = "Brand Assets";
				GCC_PREFIX_HEADER = sudoku_apptech/sudoku_apptech.pch;
				INFOPLIST_FILE = sudoku_apptech/Info.plist;
				LD_RUNPATH_SEARCH_PATHS = "$(inherited) @executable_path/Frameworks";
				PRODUCT_BUNDLE_IDENTIFIER = "com.hspjsoft.sudoku-apptech";
				PRODUCT_NAME = "$(TARGET_NAME)";
			};
			name = Release;
		};
/* End XCBuildConfiguration section */

/* Begin XCConfigurationList section */
		AA1B5B031C769CA000EDEE4A /* Build configuration list for PBXProject "sudoku_apptech" */ = {
			isa = XCConfigurationList;
			buildConfigurations = (
				AA1B5B1D1C769CA000EDEE4A /* Debug */,
				AA1B5B1E1C769CA000EDEE4A /* Release */,
			);
			defaultConfigurationIsVisible = 0;
			defaultConfigurationName = Release;
		};
		AA1B5B1F1C769CA000EDEE4A /* Build configuration list for PBXNativeTarget "sudoku_apptech" */ = {
			isa = XCConfigurationList;
			buildConfigurations = (
				AA1B5B201C769CA000EDEE4A /* Debug */,
				AA1B5B211C769CA000EDEE4A /* Release */,
			);
			defaultConfigurationIsVisible = 0;
			defaultConfigurationName = Release;
		};
/* End XCConfigurationList section */
	};
	rootObject = AA1B5B001C769CA000EDEE4A /* Project object */;
}
